{
  "name": "site",
  "version": "1.0.0",
  "lockfileVersion": 3,
  "requires": true,
  "packages": {
    "": {
      "name": "site",
      "version": "1.0.0",
      "license": "ISC",
      "dependencies": {
        "stripe": "^21.0.0"
      }
    },
    "node_modules/stripe": {
      "version": "21.0.0",
      "resolved": "https://registry.npmjs.org/stripe/-/stripe-21.0.0.tgz",
      "integrity": "sha512-VlQ1QhjQAhmCgY3g3BgfZFLo8AkJw1r9zTrG4hdjSDX2AcwS5sPz4eHJG0zfzCO8zO/md0Xe+zrkxRqg604ZWA==",
      "license": "MIT",
      "engines": {
        "node": ">=18"
      },
      "peerDependencies": {
        "@types/node": ">=18"
      },
      "peerDependenciesMeta": {
        "@types/node": {
          "optional": true
        }
      }
    }
  }
}
